// !$*UTF8*$!
{
	archiveVersion = 1;
	classes = {
	};
	objectVersion = 56;
	objects = {

/* Begin PBXBuildFile section */
		0EB34B7F292DA43F00E1198F /* AppDelegate.swift in Sources */ = {isa = PBXBuildFile; fileRef = 0EB34B7E292DA43F00E1198F /* AppDelegate.swift */; };
		0EB34B81292DA43F00E1198F /* SceneDelegate.swift in Sources */ = {isa = PBXBuildFile; fileRef = 0EB34B80292DA43F00E1198F /* SceneDelegate.swift */; };
		0EB34B83292DA43F00E1198F /* ViewController.swift in Sources */ = {isa = PBXBuildFile; fileRef = 0EB34B82292DA43F00E1198F /* ViewController.swift */; };
		0EB34B86292DA43F00E1198F /* Main.storyboard in Resources */ = {isa = PBXBuildFile; fileRef = 0EB34B84292DA43F00E1198F /* Main.storyboard */; };
		0EB34B88292DA43F00E1198F /* Assets.xcassets in Resources */ = {isa = PBXBuildFile; fileRef = 0EB34B87292DA43F00E1198F /* Assets.xcassets */; };
		0EB34B8B292DA43F00E1198F /* LaunchScreen.storyboard in Resources */ = {isa = PBXBuildFile; fileRef = 0EB34B89292DA43F00E1198F /* LaunchScreen.storyboard */; };
		0EB34B90292DA4A200E1198F /* Game.swift in Sources */ = {isa = PBXBuildFile; fileRef = 0E98F749292D045D007DFEC6 /* Game.swift */; };
		0EB34B91292DA4AC00E1198F /* DistanceCalculator.swift in Sources */ = {isa = PBXBuildFile; fileRef = 0E72052B292C58B4001E8159 /* DistanceCalculator.swift */; };
		0EB34B92292DA4AE00E1198F /* Position.swift in Sources */ = {isa = PBXBuildFile; fileRef = 0E72052D292C6E87001E8159 /* Position.swift */; };
		0EB34B93292DA4B200E1198F /* Robot.swift in Sources */ = {isa = PBXBuildFile; fileRef = 0E720524292C521D001E8159 /* Robot.swift */; };
		0EB34B94292DA4B500E1198F /* Prize.swift in Sources */ = {isa = PBXBuildFile; fileRef = 0E720526292C52D2001E8159 /* Prize.swift */; };
		0EB34B95292DA4BC00E1198F /* Cell.swift in Sources */ = {isa = PBXBuildFile; fileRef = 0E720528292C5307001E8159 /* Cell.swift */; };
		0EB34B98292DA67100E1198F /* BattleCellCollectionReusableViewCell.xib in Resources */ = {isa = PBXBuildFile; fileRef = 0EB34B97292DA67100E1198F /* BattleCellCollectionReusableViewCell.xib */; };
		0EB34B9A292DA76100E1198F /* BattleCellCollectionReusableViewCell.swift in Sources */ = {isa = PBXBuildFile; fileRef = 0EB34B99292DA76100E1198F /* BattleCellCollectionReusableViewCell.swift */; };
		0EB34B9C292DBFA000E1198F /* BattleCel.swift in Sources */ = {isa = PBXBuildFile; fileRef = 0EB34B9B292DBFA000E1198F /* BattleCel.swift */; };
/* End PBXBuildFile section */

/* Begin PBXFileReference section */
		0E720524292C521D001E8159 /* Robot.swift */ = {isa = PBXFileReference; lastKnownFileType = sourcecode.swift; path = Robot.swift; sourceTree = "<group>"; };
		0E720526292C52D2001E8159 /* Prize.swift */ = {isa = PBXFileReference; lastKnownFileType = sourcecode.swift; path = Prize.swift; sourceTree = "<group>"; };
		0E720528292C5307001E8159 /* Cell.swift */ = {isa = PBXFileReference; lastKnownFileType = sourcecode.swift; path = Cell.swift; sourceTree = "<group>"; };
		0E72052B292C58B4001E8159 /* DistanceCalculator.swift */ = {isa = PBXFileReference; lastKnownFileType = sourcecode.swift; path = DistanceCalculator.swift; sourceTree = "<group>"; };
		0E72052D292C6E87001E8159 /* Position.swift */ = {isa = PBXFileReference; lastKnownFileType = sourcecode.swift; path = Position.swift; sourceTree = "<group>"; };
		0E98F749292D045D007DFEC6 /* Game.swift */ = {isa = PBXFileReference; lastKnownFileType = sourcecode.swift; path = Game.swift; sourceTree = "<group>"; };
		0EB34B7C292DA43E00E1198F /* RobotsBattleiPhone.app */ = {isa = PBXFileReference; explicitFileType = wrapper.application; includeInIndex = 0; path = RobotsBattleiPhone.app; sourceTree = BUILT_PRODUCTS_DIR; };
		0EB34B7E292DA43F00E1198F /* AppDelegate.swift */ = {isa = PBXFileReference; lastKnownFileType = sourcecode.swift; path = AppDelegate.swift; sourceTree = "<group>"; };
		0EB34B80292DA43F00E1198F /* SceneDelegate.swift */ = {isa = PBXFileReference; lastKnownFileType = sourcecode.swift; path = SceneDelegate.swift; sourceTree = "<group>"; };
		0EB34B82292DA43F00E1198F /* ViewController.swift */ = {isa = PBXFileReference; lastKnownFileType = sourcecode.swift; path = ViewController.swift; sourceTree = "<group>"; };
		0EB34B85292DA43F00E1198F /* Base */ = {isa = PBXFileReference; lastKnownFileType = file.storyboard; name = Base; path = Base.lproj/Main.storyboard; sourceTree = "<group>"; };
		0EB34B87292DA43F00E1198F /* Assets.xcassets */ = {isa = PBXFileReference; lastKnownFileType = folder.assetcatalog; path = Assets.xcassets; sourceTree = "<group>"; };
		0EB34B8A292DA43F00E1198F /* Base */ = {isa = PBXFileReference; lastKnownFileType = file.storyboard; name = Base; path = Base.lproj/LaunchScreen.storyboard; sourceTree = "<group>"; };
		0EB34B8C292DA43F00E1198F /* Info.plist */ = {isa = PBXFileReference; lastKnownFileType = text.plist.xml; path = Info.plist; sourceTree = "<group>"; };
		0EB34B97292DA67100E1198F /* BattleCellCollectionReusableViewCell.xib */ = {isa = PBXFileReference; lastKnownFileType = file.xib; path = BattleCellCollectionReusableViewCell.xib; sourceTree = "<group>"; };
		0EB34B99292DA76100E1198F /* BattleCellCollectionReusableViewCell.swift */ = {isa = PBXFileReference; lastKnownFileType = sourcecode.swift; path = BattleCellCollectionReusableViewCell.swift; sourceTree = "<group>"; };
		0EB34B9B292DBFA000E1198F /* BattleCel.swift */ = {isa = PBXFileReference; lastKnownFileType = sourcecode.swift; path = BattleCel.swift; sourceTree = "<group>"; };
/* End PBXFileReference section */

/* Begin PBXFrameworksBuildPhase section */
		0EB34B79292DA43E00E1198F /* Frameworks */ = {
			isa = PBXFrameworksBuildPhase;
			buildActionMask = 2147483647;
			files = (
			);
			runOnlyForDeploymentPostprocessing = 0;
		};
/* End PBXFrameworksBuildPhase section */

/* Begin PBXGroup section */
		0E720508292C51F1001E8159 = {
			isa = PBXGroup;
			children = (
				0EB34B7D292DA43F00E1198F /* RobotsBattleiPhone */,
				0E720512292C51F1001E8159 /* Products */,
			);
			sourceTree = "<group>";
		};
		0E720512292C51F1001E8159 /* Products */ = {
			isa = PBXGroup;
			children = (
				0EB34B7C292DA43E00E1198F /* RobotsBattleiPhone.app */,
			);
			name = Products;
			sourceTree = "<group>";
		};
		0E720523292C520A001E8159 /* Models */ = {
			isa = PBXGroup;
			children = (
				0E720524292C521D001E8159 /* Robot.swift */,
				0E720526292C52D2001E8159 /* Prize.swift */,
				0E720528292C5307001E8159 /* Cell.swift */,
				0EB34B9B292DBFA000E1198F /* BattleCel.swift */,
			);
			path = Models;
			sourceTree = "<group>";
		};
		0E72052A292C5897001E8159 /* Helper */ = {
			isa = PBXGroup;
			children = (
				0E72052B292C58B4001E8159 /* DistanceCalculator.swift */,
				0E72052D292C6E87001E8159 /* Position.swift */,
			);
			path = Helper;
			sourceTree = "<group>";
		};
		0EB34B7D292DA43F00E1198F /* RobotsBattleiPhone */ = {
			isa = PBXGroup;
			children = (
				0EB34B96292DA64800E1198F /* View */,
				0E98F749292D045D007DFEC6 /* Game.swift */,
				0E72052A292C5897001E8159 /* Helper */,
				0E720523292C520A001E8159 /* Models */,
				0EB34B7E292DA43F00E1198F /* AppDelegate.swift */,
				0EB34B80292DA43F00E1198F /* SceneDelegate.swift */,
				0EB34B82292DA43F00E1198F /* ViewController.swift */,
				0EB34B84292DA43F00E1198F /* Main.storyboard */,
				0EB34B87292DA43F00E1198F /* Assets.xcassets */,
				0EB34B89292DA43F00E1198F /* LaunchScreen.storyboard */,
				0EB34B8C292DA43F00E1198F /* Info.plist */,
			);
			path = RobotsBattleiPhone;
			sourceTree = "<group>";
		};
		0EB34B96292DA64800E1198F /* View */ = {
			isa = PBXGroup;
			children = (
				0EB34B97292DA67100E1198F /* BattleCellCollectionReusableViewCell.xib */,
				0EB34B99292DA76100E1198F /* BattleCellCollectionReusableViewCell.swift */,
			);
			path = View;
			sourceTree = "<group>";
		};
/* End PBXGroup section */

/* Begin PBXNativeTarget section */
		0EB34B7B292DA43E00E1198F /* RobotsBattleiPhone */ = {
			isa = PBXNativeTarget;
			buildConfigurationList = 0EB34B8F292DA43F00E1198F /* Build configuration list for PBXNativeTarget "RobotsBattleiPhone" */;
			buildPhases = (
				0EB34B78292DA43E00E1198F /* Sources */,
				0EB34B79292DA43E00E1198F /* Frameworks */,
				0EB34B7A292DA43E00E1198F /* Resources */,
			);
			buildRules = (
			);
			dependencies = (
			);
			name = RobotsBattleiPhone;
			productName = RobotsBattleiPhone;
			productReference = 0EB34B7C292DA43E00E1198F /* RobotsBattleiPhone.app */;
			productType = "com.apple.product-type.application";
		};
/* End PBXNativeTarget section */

/* Begin PBXProject section */
		0E720509292C51F1001E8159 /* Project object */ = {
			isa = PBXProject;
			attributes = {
				BuildIndependentTargetsInParallel = 1;
				LastSwiftUpdateCheck = 1410;
				LastUpgradeCheck = 1410;
				TargetAttributes = {
					0EB34B7B292DA43E00E1198F = {
						CreatedOnToolsVersion = 14.1;
					};
				};
			};
			buildConfigurationList = 0E72050C292C51F1001E8159 /* Build configuration list for PBXProject "RobotsBattle" */;
			compatibilityVersion = "Xcode 14.0";
			developmentRegion = en;
			hasScannedForEncodings = 0;
			knownRegions = (
				en,
				Base,
			);
			mainGroup = 0E720508292C51F1001E8159;
			productRefGroup = 0E720512292C51F1001E8159 /* Products */;
			projectDirPath = "";
			projectRoot = "";
			targets = (
				0EB34B7B292DA43E00E1198F /* RobotsBattleiPhone */,
			);
		};
/* End PBXProject section */

/* Begin PBXResourcesBuildPhase section */
		0EB34B7A292DA43E00E1198F /* Resources */ = {
			isa = PBXResourcesBuildPhase;
			buildActionMask = 2147483647;
			files = (
				0EB34B8B292DA43F00E1198F /* LaunchScreen.storyboard in Resources */,
				0EB34B88292DA43F00E1198F /* Assets.xcassets in Resources */,
				0EB34B86292DA43F00E1198F /* Main.storyboard in Resources */,
				0EB34B98292DA67100E1198F /* BattleCellCollectionReusableViewCell.xib in Resources */,
			);
			runOnlyForDeploymentPostprocessing = 0;
		};
/* End PBXResourcesBuildPhase section */

/* Begin PBXSourcesBuildPhase section */
		0EB34B78292DA43E00E1198F /* Sources */ = {
			isa = PBXSourcesBuildPhase;
			buildActionMask = 2147483647;
			files = (
				0EB34B94292DA4B500E1198F /* Prize.swift in Sources */,
				0EB34B95292DA4BC00E1198F /* Cell.swift in Sources */,
				0EB34B91292DA4AC00E1198F /* DistanceCalculator.swift in Sources */,
				0EB34B83292DA43F00E1198F /* ViewController.swift in Sources */,
				0EB34B93292DA4B200E1198F /* Robot.swift in Sources */,
				0EB34B9C292DBFA000E1198F /* BattleCel.swift in Sources */,
				0EB34B92292DA4AE00E1198F /* Position.swift in Sources */,
				0EB34B7F292DA43F00E1198F /* AppDelegate.swift in Sources */,
				0EB34B81292DA43F00E1198F /* SceneDelegate.swift in Sources */,
				0EB34B90292DA4A200E1198F /* Game.swift in Sources */,
				0EB34B9A292DA76100E1198F /* BattleCellCollectionReusableViewCell.swift in Sources */,
			);
			runOnlyForDeploymentPostprocessing = 0;
		};
/* End PBXSourcesBuildPhase section */

/* Begin PBXVariantGroup section */
		0EB34B84292DA43F00E1198F /* Main.storyboard */ = {
			isa = PBXVariantGroup;
			children = (
				0EB34B85292DA43F00E1198F /* Base */,
			);
			name = Main.storyboard;
			sourceTree = "<group>";
		};
		0EB34B89292DA43F00E1198F /* LaunchScreen.storyboard */ = {
			isa = PBXVariantGroup;
			children = (
				0EB34B8A292DA43F00E1198F /* Base */,
			);
			name = LaunchScreen.storyboard;
			sourceTree = "<group>";
		};
/* End PBXVariantGroup section */

/* Begin XCBuildConfiguration section */
		0E72051E292C51F2001E8159 /* Debug */ = {
			isa = XCBuildConfiguration;
			buildSettings = {
				ALWAYS_SEARCH_USER_PATHS = NO;
				CLANG_ANALYZER_NONNULL = YES;
				CLANG_ANALYZER_NUMBER_OBJECT_CONVERSION = YES_AGGRESSIVE;
				CLANG_CXX_LANGUAGE_STANDARD = "gnu++20";
				CLANG_ENABLE_MODULES = YES;
				CLANG_ENABLE_OBJC_ARC = YES;
				CLANG_ENABLE_OBJC_WEAK = YES;
				CLANG_WARN_BLOCK_CAPTURE_AUTORELEASING = YES;
				CLANG_WARN_BOOL_CONVERSION = YES;
				CLANG_WARN_COMMA = YES;
				CLANG_WARN_CONSTANT_CONVERSION = YES;
				CLANG_WARN_DEPRECATED_OBJC_IMPLEMENTATIONS = YES;
				CLANG_WARN_DIRECT_OBJC_ISA_USAGE = YES_ERROR;
				CLANG_WARN_DOCUMENTATION_COMMENTS = YES;
				CLANG_WARN_EMPTY_BODY = YES;
				CLANG_WARN_ENUM_CONVERSION = YES;
				CLANG_WARN_INFINITE_RECURSION = YES;
				CLANG_WARN_INT_CONVERSION = YES;
				CLANG_WARN_NON_LITERAL_NULL_CONVERSION = YES;
				CLANG_WARN_OBJC_IMPLICIT_RETAIN_SELF = YES;
				CLANG_WARN_OBJC_LITERAL_CONVERSION = YES;
				CLANG_WARN_OBJC_ROOT_CLASS = YES_ERROR;
				CLANG_WARN_QUOTED_INCLUDE_IN_FRAMEWORK_HEADER = YES;
				CLANG_WARN_RANGE_LOOP_ANALYSIS = YES;
				CLANG_WARN_STRICT_PROTOTYPES = YES;
				CLANG_WARN_SUSPICIOUS_MOVE = YES;
				CLANG_WARN_UNGUARDED_AVAILABILITY = YES_AGGRESSIVE;
				CLANG_WARN_UNREACHABLE_CODE = YES;
				CLANG_WARN__DUPLICATE_METHOD_MATCH = YES;
				COPY_PHASE_STRIP = NO;
				DEBUG_INFORMATION_FORMAT = dwarf;
				ENABLE_STRICT_OBJC_MSGSEND = YES;
				ENABLE_TESTABILITY = YES;
				GCC_C_LANGUAGE_STANDARD = gnu11;
				GCC_DYNAMIC_NO_PIC = NO;
				GCC_NO_COMMON_BLOCKS = YES;
				GCC_OPTIMIZATION_LEVEL = 0;
				GCC_PREPROCESSOR_DEFINITIONS = (
					"DEBUG=1",
					"$(inherited)",
				);
				GCC_WARN_64_TO_32_BIT_CONVERSION = YES;
				GCC_WARN_ABOUT_RETURN_TYPE = YES_ERROR;
				GCC_WARN_UNDECLARED_SELECTOR = YES;
				GCC_WARN_UNINITIALIZED_AUTOS = YES_AGGRESSIVE;
				GCC_WARN_UNUSED_FUNCTION = YES;
				GCC_WARN_UNUSED_VARIABLE = YES;
				MACOSX_DEPLOYMENT_TARGET = 13.0;
				MTL_ENABLE_DEBUG_INFO = INCLUDE_SOURCE;
				MTL_FAST_MATH = YES;
				ONLY_ACTIVE_ARCH = YES;
				SDKROOT = macosx;
				SWIFT_ACTIVE_COMPILATION_CONDITIONS = DEBUG;
				SWIFT_OPTIMIZATION_LEVEL = "-Onone";
			};
			name = Debug;
		};
		0E72051F292C51F2001E8159 /* Release */ = {
			isa = XCBuildConfiguration;
			buildSettings = {
				ALWAYS_SEARCH_USER_PATHS = NO;
				CLANG_ANALYZER_NONNULL = YES;
				CLANG_ANALYZER_NUMBER_OBJECT_CONVERSION = YES_AGGRESSIVE;
				CLANG_CXX_LANGUAGE_STANDARD = "gnu++20";
				CLANG_ENABLE_MODULES = YES;
				CLANG_ENABLE_OBJC_ARC = YES;
				CLANG_ENABLE_OBJC_WEAK = YES;
				CLANG_WARN_BLOCK_CAPTURE_AUTORELEASING = YES;
				CLANG_WARN_BOOL_CONVERSION = YES;
				CLANG_WARN_COMMA = YES;
				CLANG_WARN_CONSTANT_CONVERSION = YES;
				CLANG_WARN_DEPRECATED_OBJC_IMPLEMENTATIONS = YES;
				CLANG_WARN_DIRECT_OBJC_ISA_USAGE = YES_ERROR;
				CLANG_WARN_DOCUMENTATION_COMMENTS = YES;
				CLANG_WARN_EMPTY_BODY = YES;
				CLANG_WARN_ENUM_CONVERSION = YES;
				CLANG_WARN_INFINITE_RECURSION = YES;
				CLANG_WARN_INT_CONVERSION = YES;
				CLANG_WARN_NON_LITERAL_NULL_CONVERSION = YES;
				CLANG_WARN_OBJC_IMPLICIT_RETAIN_SELF = YES;
				CLANG_WARN_OBJC_LITERAL_CONVERSION = YES;
				CLANG_WARN_OBJC_ROOT_CLASS = YES_ERROR;
				CLANG_WARN_QUOTED_INCLUDE_IN_FRAMEWORK_HEADER = YES;
				CLANG_WARN_RANGE_LOOP_ANALYSIS = YES;
				CLANG_WARN_STRICT_PROTOTYPES = YES;
				CLANG_WARN_SUSPICIOUS_MOVE = YES;
				CLANG_WARN_UNGUARDED_AVAILABILITY = YES_AGGRESSIVE;
				CLANG_WARN_UNREACHABLE_CODE = YES;
				CLANG_WARN__DUPLICATE_METHOD_MATCH = YES;
				COPY_PHASE_STRIP = NO;
				DEBUG_INFORMATION_FORMAT = "dwarf-with-dsym";
				ENABLE_NS_ASSERTIONS = NO;
				ENABLE_STRICT_OBJC_MSGSEND = YES;
				GCC_C_LANGUAGE_STANDARD = gnu11;
				GCC_NO_COMMON_BLOCKS = YES;
				GCC_WARN_64_TO_32_BIT_CONVERSION = YES;
				GCC_WARN_ABOUT_RETURN_TYPE = YES_ERROR;
				GCC_WARN_UNDECLARED_SELECTOR = YES;
				GCC_WARN_UNINITIALIZED_AUTOS = YES_AGGRESSIVE;
				GCC_WARN_UNUSED_FUNCTION = YES;
				GCC_WARN_UNUSED_VARIABLE = YES;
				MACOSX_DEPLOYMENT_TARGET = 13.0;
				MTL_ENABLE_DEBUG_INFO = NO;
				MTL_FAST_MATH = YES;
				SDKROOT = macosx;
				SWIFT_COMPILATION_MODE = wholemodule;
				SWIFT_OPTIMIZATION_LEVEL = "-O";
			};
			name = Release;
		};
		0EB34B8D292DA43F00E1198F /* Debug */ = {
			isa = XCBuildConfiguration;
			buildSettings = {
				ASSETCATALOG_COMPILER_APPICON_NAME = AppIcon;
				ASSETCATALOG_COMPILER_GLOBAL_ACCENT_COLOR_NAME = AccentColor;
				CODE_SIGN_STYLE = Automatic;
				CURRENT_PROJECT_VERSION = 1;
				GENERATE_INFOPLIST_FILE = YES;
				INFOPLIST_FILE = RobotsBattleiPhone/Info.plist;
				INFOPLIST_KEY_UIApplicationSupportsIndirectInputEvents = YES;
				INFOPLIST_KEY_UILaunchStoryboardName = LaunchScreen;
				INFOPLIST_KEY_UIMainStoryboardFile = Main;
				INFOPLIST_KEY_UISupportedInterfaceOrientations_iPad = "UIInterfaceOrientationPortrait UIInterfaceOrientationPortraitUpsideDown UIInterfaceOrientationLandscapeLeft UIInterfaceOrientationLandscapeRight";
				INFOPLIST_KEY_UISupportedInterfaceOrientations_iPhone = "UIInterfaceOrientationPortrait UIInterfaceOrientationLandscapeLeft UIInterfaceOrientationLandscapeRight";
				IPHONEOS_DEPLOYMENT_TARGET = 16.1;
				LD_RUNPATH_SEARCH_PATHS = (
					"$(inherited)",
					"@executable_path/Frameworks",
				);
				MARKETING_VERSION = 1.0;
				PRODUCT_BUNDLE_IDENTIFIER = com.felipeV.robotsbattle.RobotsBattleiPhone;
				PRODUCT_NAME = "$(TARGET_NAME)";
				SDKROOT = iphoneos;
				SWIFT_EMIT_LOC_STRINGS = YES;
				SWIFT_VERSION = 5.0;
				TARGETED_DEVICE_FAMILY = "1,2";
			};
			name = Debug;
		};
		0EB34B8E292DA43F00E1198F /* Release */ = {
			isa = XCBuildConfiguration;
			buildSettings = {
				ASSETCATALOG_COMPILER_APPICON_NAME = AppIcon;
				ASSETCATALOG_COMPILER_GLOBAL_ACCENT_COLOR_NAME = AccentColor;
				CODE_SIGN_STYLE = Automatic;
				CURRENT_PROJECT_VERSION = 1;
				GENERATE_INFOPLIST_FILE = YES;
				INFOPLIST_FILE = RobotsBattleiPhone/Info.plist;
				INFOPLIST_KEY_UIApplicationSupportsIndirectInputEvents = YES;
				INFOPLIST_KEY_UILaunchStoryboardName = LaunchScreen;
				INFOPLIST_KEY_UIMainStoryboardFile = Main;
				INFOPLIST_KEY_UISupportedInterfaceOrientations_iPad = "UIInterfaceOrientationPortrait UIInterfaceOrientationPortraitUpsideDown UIInterfaceOrientationLandscapeLeft UIInterfaceOrientationLandscapeRight";
				INFOPLIST_KEY_UISupportedInterfaceOrientations_iPhone = "UIInterfaceOrientationPortrait UIInterfaceOrientationLandscapeLeft UIInterfaceOrientationLandscapeRight";
				IPHONEOS_DEPLOYMENT_TARGET = 16.1;
				LD_RUNPATH_SEARCH_PATHS = (
					"$(inherited)",
					"@executable_path/Frameworks",
				);
				MARKETING_VERSION = 1.0;
				PRODUCT_BUNDLE_IDENTIFIER = com.felipeV.robotsbattle.RobotsBattleiPhone;
				PRODUCT_NAME = "$(TARGET_NAME)";
				SDKROOT = iphoneos;
				SWIFT_EMIT_LOC_STRINGS = YES;
				SWIFT_VERSION = 5.0;
				TARGETED_DEVICE_FAMILY = "1,2";
				VALIDATE_PRODUCT = YES;
			};
			name = Release;
		};
/* End XCBuildConfiguration section */

/* Begin XCConfigurationList section */
		0E72050C292C51F1001E8159 /* Build configuration list for PBXProject "RobotsBattle" */ = {
			isa = XCConfigurationList;
			buildConfigurations = (
				0E72051E292C51F2001E8159 /* Debug */,
				0E72051F292C51F2001E8159 /* Release */,
			);
			defaultConfigurationIsVisible = 0;
			defaultConfigurationName = Release;
		};
		0EB34B8F292DA43F00E1198F /* Build configuration list for PBXNativeTarget "RobotsBattleiPhone" */ = {
			isa = XCConfigurationList;
			buildConfigurations = (
				0EB34B8D292DA43F00E1198F /* Debug */,
				0EB34B8E292DA43F00E1198F /* Release */,
			);
			defaultConfigurationIsVisible = 0;
			defaultConfigurationName = Release;
		};
/* End XCConfigurationList section */
	};
	rootObject = 0E720509292C51F1001E8159 /* Project object */;
}
